
Microsoft Visual Studio Solution File, Format Version 12.00
# Visual Studio 15
VisualStudioVersion = 15.0.28010.2003
MinimumVisualStudioVersion = 10.0.40219.1
Project("{FAE04EC0-301F-11D3-BF4B-00C04F79EFBC}") = "DemoSolution", "DemoSolution\DemoSolution.csproj", "{99ACFEE1-233E-4D65-BF51-877718EE6CCF}"
EndProject
Global
	GlobalSection(SolutionConfigurationPlatforms) = preSolution
		Debug|Any CPU = Debug|Any CPU
		Release|Any CPU = Release|Any CPU
	EndGlobalSection
	GlobalSection(ProjectConfigurationPlatforms) = postSolution
		{99ACFEE1-233E-4D65-BF51-877718EE6CCF}.Debug|Any CPU.ActiveCfg = Debug|Any CPU
		{99ACFEE1-233E-4D65-BF51-877718EE6CCF}.Debug|Any CPU.Build.0 = Debug|Any CPU
		{99ACFEE1-233E-4D65-BF51-877718EE6CCF}.Release|Any CPU.ActiveCfg = Release|Any CPU
		{99ACFEE1-233E-4D65-BF51-877718EE6CCF}.Release|Any CPU.Build.0 = Release|Any CPU
	EndGlobalSection
	GlobalSection(SolutionProperties) = preSolution
		HideSolutionNode = FALSE
	EndGlobalSection
	GlobalSection(ExtensibilityGlobals) = postSolution
		SolutionGuid = {02BA979B-35E9-40A8-AE1E-9DA5F1F65AD0}
	EndGlobalSection
EndGlobal
